{
  "name": "pricing-utility",
  "version": "1.0.0",
  "lockfileVersion": 3,
  "requires": true,
  "packages": {
    "": {
      "name": "pricing-utility",
      "version": "1.0.0",
      "license": "ISC",
      "dependencies": {
        "@paddle/paddle-node-sdk": "^2.8.0"
      },
      "devDependencies": {
        "@types/node": "^24.0.10"
      }
    },
    "node_modules/@paddle/paddle-node-sdk": {
      "version": "2.8.0",
      "resolved": "https://registry.npmjs.org/@paddle/paddle-node-sdk/-/paddle-node-sdk-2.8.0.tgz",
      "integrity": "sha512-7SeFdE1k8j4Lme0A4SvPh3ak2e4HLtmTwsxEcQeWWSwy3vcwMSoE8hpHKGkqgHWdLV71FKFCMn9RYJFtbUb4Zg==",
      "license": "Apache-2.0",
      "engines": {
        "node": ">=18"
      }
    },
    "node_modules/@types/node": {
      "version": "24.0.10",
      "resolved": "https://registry.npmjs.org/@types/node/-/node-24.0.10.tgz",
      "integrity": "sha512-ENHwaH+JIRTDIEEbDK6QSQntAYGtbvdDXnMXnZaZ6k13Du1dPMmprkEHIL7ok2Wl2aZevetwTAb5S+7yIF+enA==",
      "dev": true,
      "license": "MIT",
      "dependencies": {
        "undici-types": "~7.8.0"
      }
    },
    "node_modules/undici-types": {
      "version": "7.8.0",
      "resolved": "https://registry.npmjs.org/undici-types/-/undici-types-7.8.0.tgz",
      "integrity": "sha512-9UJ2xGDvQ43tYyVMpuHlsgApydB8ZKfVYTsLDhXkFL/6gfkp+U8xTGdh8pMJv1SpZna0zxG1DwsKZsreLbXBxw==",
      "dev": true,
      "license": "MIT"
    }
  }
}
